
Microsoft Visual Studio Solution File, Format Version 12.00
# Visual Studio Version 17
VisualStudioVersion = 17.7.34024.191
MinimumVisualStudioVersion = 10.0.40219.1
Project("{2150E333-8FDC-42A3-9474-1A3956D46DE8}") = "src", "src", "{CD6079A4-4FF9-469C-8D45-81B0327E538B}"
EndProject
Project("{FAE04EC0-301F-11D3-BF4B-00C04F79EFBC}") = "MaxiShop.Web", "MaxiShop.Web\MaxiShop.Web.csproj", "{2DF74CD5-1528-4A55-AEF3-FC65B9383997}"
EndProject
Global
	GlobalSection(SolutionConfigurationPlatforms) = preSolution
		Debug|Any CPU = Debug|Any CPU
		Release|Any CPU = Release|Any CPU
	EndGlobalSection
	GlobalSection(ProjectConfigurationPlatforms) = postSolution
		{2DF74CD5-1528-4A55-AEF3-FC65B9383997}.Debug|Any CPU.ActiveCfg = Debug|Any CPU
		{2DF74CD5-1528-4A55-AEF3-FC65B9383997}.Debug|Any CPU.Build.0 = Debug|Any CPU
		{2DF74CD5-1528-4A55-AEF3-FC65B9383997}.Release|Any CPU.ActiveCfg = Release|Any CPU
		{2DF74CD5-1528-4A55-AEF3-FC65B9383997}.Release|Any CPU.Build.0 = Release|Any CPU
	EndGlobalSection
	GlobalSection(SolutionProperties) = preSolution
		HideSolutionNode = FALSE
	EndGlobalSection
	GlobalSection(NestedProjects) = preSolution
		{2DF74CD5-1528-4A55-AEF3-FC65B9383997} = {CD6079A4-4FF9-469C-8D45-81B0327E538B}
	EndGlobalSection
	GlobalSection(ExtensibilityGlobals) = postSolution
		SolutionGuid = {54C62E22-65FB-4D1C-8BC6-066F76DC91B7}
	EndGlobalSection
EndGlobal
